
Microsoft Visual Studio Solution File, Format Version 12.00
# Visual Studio Version 17
VisualStudioVersion = 17.9.34714.143
MinimumVisualStudioVersion = 10.0.40219.1
Project("{9A19103F-16F7-4668-BE54-9A1E7A4F7556}") = "PO Excel", "PO Excel\PO Excel.csproj", "{D63F5104-BA0F-40EB-AF88-D027EAA0A834}"
EndProject
Project("{2150E333-8FDC-42A3-9474-1A3956D46DE8}") = "Solution Items", "Solution Items", "{CB6B86FA-1872-4675-B6DC-C20318EA11A5}"
	ProjectSection(SolutionItems) = preProject
		.editorconfig = .editorconfig
	EndProjectSection
EndProject
Project("{54435603-DBB4-11D2-8724-00A0C9A8B90C}") = "PO Excel Converter Installer", "PO Excel Converter Installer\PO Excel Converter Installer.vdproj", "{F99D92E8-355E-4DE0-AED8-C5609FDD93C0}"
EndProject
Global
	GlobalSection(SolutionConfigurationPlatforms) = preSolution
		Debug|Any CPU = Debug|Any CPU
		Release|Any CPU = Release|Any CPU
	EndGlobalSection
	GlobalSection(ProjectConfigurationPlatforms) = postSolution
		{D63F5104-BA0F-40EB-AF88-D027EAA0A834}.Debug|Any CPU.ActiveCfg = Debug|Any CPU
		{D63F5104-BA0F-40EB-AF88-D027EAA0A834}.Debug|Any CPU.Build.0 = Debug|Any CPU
		{D63F5104-BA0F-40EB-AF88-D027EAA0A834}.Release|Any CPU.ActiveCfg = Release|Any CPU
		{D63F5104-BA0F-40EB-AF88-D027EAA0A834}.Release|Any CPU.Build.0 = Release|Any CPU
		{F99D92E8-355E-4DE0-AED8-C5609FDD93C0}.Debug|Any CPU.ActiveCfg = Debug
		{F99D92E8-355E-4DE0-AED8-C5609FDD93C0}.Release|Any CPU.ActiveCfg = Release
	EndGlobalSection
	GlobalSection(SolutionProperties) = preSolution
		HideSolutionNode = FALSE
	EndGlobalSection
	GlobalSection(ExtensibilityGlobals) = postSolution
		SolutionGuid = {623ABC4A-7356-4B6E-ADDB-4013923634C1}
	EndGlobalSection
EndGlobal
